
Microsoft Visual Studio Solution File, Format Version 12.00
# Visual Studio Version 17
VisualStudioVersion = 17.8.34511.84
MinimumVisualStudioVersion = 10.0.40219.1
Project("{FAE04EC0-301F-11D3-BF4B-00C04F79EFBC}") = "Bankappen", "Bankappen\Bankappen.csproj", "{66C991E4-ED9F-4488-B1DA-08E5704373F6}"
EndProject
Global
	GlobalSection(SolutionConfigurationPlatforms) = preSolution
		Debug|Any CPU = Debug|Any CPU
		Release|Any CPU = Release|Any CPU
	EndGlobalSection
	GlobalSection(ProjectConfigurationPlatforms) = postSolution
		{66C991E4-ED9F-4488-B1DA-08E5704373F6}.Debug|Any CPU.ActiveCfg = Debug|Any CPU
		{66C991E4-ED9F-4488-B1DA-08E5704373F6}.Debug|Any CPU.Build.0 = Debug|Any CPU
		{66C991E4-ED9F-4488-B1DA-08E5704373F6}.Release|Any CPU.ActiveCfg = Release|Any CPU
		{66C991E4-ED9F-4488-B1DA-08E5704373F6}.Release|Any CPU.Build.0 = Release|Any CPU
	EndGlobalSection
	GlobalSection(SolutionProperties) = preSolution
		HideSolutionNode = FALSE
	EndGlobalSection
	GlobalSection(ExtensibilityGlobals) = postSolution
		SolutionGuid = {6A9D56A7-5388-4480-959B-9F2ED5B6262C}
	EndGlobalSection
EndGlobal
